
Microsoft Visual Studio Solution File, Format Version 12.00
# Visual Studio Version 17
VisualStudioVersion = 17.14.36811.4 d17.14
MinimumVisualStudioVersion = 10.0.40219.1
Project("{FAE04EC0-301F-11D3-BF4B-00C04F79EFBC}") = "swipefilm", "swipefilm\swipefilm.csproj", "{F5928BA4-B0FA-4562-8BFE-BAF783C6B2B0}"
EndProject
Global
	GlobalSection(SolutionConfigurationPlatforms) = preSolution
		Debug|Any CPU = Debug|Any CPU
		Release|Any CPU = Release|Any CPU
	EndGlobalSection
	GlobalSection(ProjectConfigurationPlatforms) = postSolution
		{F5928BA4-B0FA-4562-8BFE-BAF783C6B2B0}.Debug|Any CPU.ActiveCfg = Debug|Any CPU
		{F5928BA4-B0FA-4562-8BFE-BAF783C6B2B0}.Debug|Any CPU.Build.0 = Debug|Any CPU
		{F5928BA4-B0FA-4562-8BFE-BAF783C6B2B0}.Release|Any CPU.ActiveCfg = Release|Any CPU
		{F5928BA4-B0FA-4562-8BFE-BAF783C6B2B0}.Release|Any CPU.Build.0 = Release|Any CPU
	EndGlobalSection
	GlobalSection(SolutionProperties) = preSolution
		HideSolutionNode = FALSE
	EndGlobalSection
	GlobalSection(ExtensibilityGlobals) = postSolution
		SolutionGuid = {67945609-6900-46C2-84B1-DD65216EF221}
	EndGlobalSection
EndGlobal
